
Microsoft Visual Studio Solution File, Format Version 12.00
# Visual Studio Version 17
VisualStudioVersion = 17.4.33110.190
MinimumVisualStudioVersion = 10.0.40219.1
Project("{9A19103F-16F7-4668-BE54-9A1E7A4F7556}") = "CarRenting.Host", "CarRenting.Host\CarRenting.Host.csproj", "{4479EC8D-8DCA-4B23-89DE-6AD257235A4D}"
EndProject
Global
	GlobalSection(SolutionConfigurationPlatforms) = preSolution
		Debug|Any CPU = Debug|Any CPU
		Release|Any CPU = Release|Any CPU
	EndGlobalSection
	GlobalSection(ProjectConfigurationPlatforms) = postSolution
		{4479EC8D-8DCA-4B23-89DE-6AD257235A4D}.Debug|Any CPU.ActiveCfg = Debug|Any CPU
		{4479EC8D-8DCA-4B23-89DE-6AD257235A4D}.Debug|Any CPU.Build.0 = Debug|Any CPU
		{4479EC8D-8DCA-4B23-89DE-6AD257235A4D}.Release|Any CPU.ActiveCfg = Release|Any CPU
		{4479EC8D-8DCA-4B23-89DE-6AD257235A4D}.Release|Any CPU.Build.0 = Release|Any CPU
	EndGlobalSection
	GlobalSection(SolutionProperties) = preSolution
		HideSolutionNode = FALSE
	EndGlobalSection
	GlobalSection(ExtensibilityGlobals) = postSolution
		SolutionGuid = {E2755A95-459C-454F-BBB0-1704F6A8EBD8}
	EndGlobalSection
EndGlobal
